
Microsoft Visual Studio Solution File, Format Version 12.00
# Visual Studio 15
VisualStudioVersion = 15.0.27130.2010
MinimumVisualStudioVersion = 10.0.40219.1
Project("{FAE04EC0-301F-11D3-BF4B-00C04F79EFBC}") = "Kauffman.Api", "Kauffman.Api\Kauffman.Api.csproj", "{4924968C-C452-44A3-91C1-38A0E86517E4}"
EndProject
Project("{FAE04EC0-301F-11D3-BF4B-00C04F79EFBC}") = "Kauffman.Api.Tests", "Kauffman.Api.Tests\Kauffman.Api.Tests.csproj", "{A9998155-B53B-43F0-A676-1F22F2F58711}"
EndProject
Project("{FAE04EC0-301F-11D3-BF4B-00C04F79EFBC}") = "Kauffman.Api.TestClient", "Kauffman.Api.TestClient\Kauffman.Api.TestClient.csproj", "{AAEAADAF-3D2A-4838-A6CA-3AE46CC6161A}"
EndProject
Project("{FAE04EC0-301F-11D3-BF4B-00C04F79EFBC}") = "Kauffman.Logger", "Kauffman.Logger\Kauffman.Logger.csproj", "{892686E1-7641-498D-ACD7-30A70B7E19F8}"
EndProject
Project("{FAE04EC0-301F-11D3-BF4B-00C04F79EFBC}") = "Kauffman.Utility", "Kauffman.Utility\Kauffman.Utility.csproj", "{B16D6DB6-7820-4D90-8878-37E4A32BD4F3}"
EndProject
Global
	GlobalSection(SolutionConfigurationPlatforms) = preSolution
		Debug|Any CPU = Debug|Any CPU
		Release|Any CPU = Release|Any CPU
	EndGlobalSection
	GlobalSection(ProjectConfigurationPlatforms) = postSolution
		{4924968C-C452-44A3-91C1-38A0E86517E4}.Debug|Any CPU.ActiveCfg = Debug|Any CPU
		{4924968C-C452-44A3-91C1-38A0E86517E4}.Debug|Any CPU.Build.0 = Debug|Any CPU
		{4924968C-C452-44A3-91C1-38A0E86517E4}.Release|Any CPU.ActiveCfg = Release|Any CPU
		{4924968C-C452-44A3-91C1-38A0E86517E4}.Release|Any CPU.Build.0 = Release|Any CPU
		{A9998155-B53B-43F0-A676-1F22F2F58711}.Debug|Any CPU.ActiveCfg = Debug|Any CPU
		{A9998155-B53B-43F0-A676-1F22F2F58711}.Debug|Any CPU.Build.0 = Debug|Any CPU
		{A9998155-B53B-43F0-A676-1F22F2F58711}.Release|Any CPU.ActiveCfg = Release|Any CPU
		{A9998155-B53B-43F0-A676-1F22F2F58711}.Release|Any CPU.Build.0 = Release|Any CPU
		{AAEAADAF-3D2A-4838-A6CA-3AE46CC6161A}.Debug|Any CPU.ActiveCfg = Debug|Any CPU
		{AAEAADAF-3D2A-4838-A6CA-3AE46CC6161A}.Debug|Any CPU.Build.0 = Debug|Any CPU
		{AAEAADAF-3D2A-4838-A6CA-3AE46CC6161A}.Release|Any CPU.ActiveCfg = Release|Any CPU
		{AAEAADAF-3D2A-4838-A6CA-3AE46CC6161A}.Release|Any CPU.Build.0 = Release|Any CPU
		{892686E1-7641-498D-ACD7-30A70B7E19F8}.Debug|Any CPU.ActiveCfg = Debug|Any CPU
		{892686E1-7641-498D-ACD7-30A70B7E19F8}.Debug|Any CPU.Build.0 = Debug|Any CPU
		{892686E1-7641-498D-ACD7-30A70B7E19F8}.Release|Any CPU.ActiveCfg = Release|Any CPU
		{892686E1-7641-498D-ACD7-30A70B7E19F8}.Release|Any CPU.Build.0 = Release|Any CPU
		{B16D6DB6-7820-4D90-8878-37E4A32BD4F3}.Debug|Any CPU.ActiveCfg = Debug|Any CPU
		{B16D6DB6-7820-4D90-8878-37E4A32BD4F3}.Debug|Any CPU.Build.0 = Debug|Any CPU
		{B16D6DB6-7820-4D90-8878-37E4A32BD4F3}.Release|Any CPU.ActiveCfg = Release|Any CPU
		{B16D6DB6-7820-4D90-8878-37E4A32BD4F3}.Release|Any CPU.Build.0 = Release|Any CPU
	EndGlobalSection
	GlobalSection(SolutionProperties) = preSolution
		HideSolutionNode = FALSE
	EndGlobalSection
	GlobalSection(ExtensibilityGlobals) = postSolution
		SolutionGuid = {D6243464-F35C-4496-9A2E-918DA91DA98C}
	EndGlobalSection
EndGlobal
